
Microsoft Visual Studio Solution File, Format Version 12.00
# Visual Studio Version 17
VisualStudioVersion = 17.4.33403.182
MinimumVisualStudioVersion = 10.0.40219.1
Project("{8BC9CEB8-8B4A-11D0-8D11-00A0C91BC942}") = "Practica1", "Practica01\Practica1.vcxproj", "{0902E8EB-A1A9-4B3D-A04A-2FEC1B67C285}"
EndProject
Project("{8BC9CEB8-8B4A-11D0-8D11-00A0C91BC942}") = "Practica2", "Practica02\Practica2.vcxproj", "{B8637CD6-02CB-4451-8BC2-4472868329AB}"
EndProject
Project("{8BC9CEB8-8B4A-11D0-8D11-00A0C91BC942}") = "Practica3", "Practica03\Practica3.vcxproj", "{057E7521-F36F-4D0B-8EFC-F6FAC6590BFE}"
EndProject
Project("{8BC9CEB8-8B4A-11D0-8D11-00A0C91BC942}") = "Practica4", "Practica04\Practica4.vcxproj", "{5EA61D2F-A981-4DEB-91BA-798CECE4273E}"
EndProject
Project("{8BC9CEB8-8B4A-11D0-8D11-00A0C91BC942}") = "Practica5", "Practica05\Practica5.vcxproj", "{3611315C-2DAF-482C-B24C-E57445E4C19D}"
EndProject
Project("{8BC9CEB8-8B4A-11D0-8D11-00A0C91BC942}") = "Practica6", "Practica06\Practica6.vcxproj", "{5EDDE7E9-D780-41F2-9EBA-D7EA205944D1}"
EndProject
Global
	GlobalSection(SolutionConfigurationPlatforms) = preSolution
		Debug|x64 = Debug|x64
		Debug|x86 = Debug|x86
		Release|x64 = Release|x64
		Release|x86 = Release|x86
	EndGlobalSection
	GlobalSection(ProjectConfigurationPlatforms) = postSolution
		{0902E8EB-A1A9-4B3D-A04A-2FEC1B67C285}.Debug|x64.ActiveCfg = Debug|x64
		{0902E8EB-A1A9-4B3D-A04A-2FEC1B67C285}.Debug|x64.Build.0 = Debug|x64
		{0902E8EB-A1A9-4B3D-A04A-2FEC1B67C285}.Debug|x86.ActiveCfg = Debug|Win32
		{0902E8EB-A1A9-4B3D-A04A-2FEC1B67C285}.Debug|x86.Build.0 = Debug|Win32
		{0902E8EB-A1A9-4B3D-A04A-2FEC1B67C285}.Release|x64.ActiveCfg = Release|x64
		{0902E8EB-A1A9-4B3D-A04A-2FEC1B67C285}.Release|x64.Build.0 = Release|x64
		{0902E8EB-A1A9-4B3D-A04A-2FEC1B67C285}.Release|x86.ActiveCfg = Release|Win32
		{0902E8EB-A1A9-4B3D-A04A-2FEC1B67C285}.Release|x86.Build.0 = Release|Win32
		{B8637CD6-02CB-4451-8BC2-4472868329AB}.Debug|x64.ActiveCfg = Debug|x64
		{B8637CD6-02CB-4451-8BC2-4472868329AB}.Debug|x64.Build.0 = Debug|x64
		{B8637CD6-02CB-4451-8BC2-4472868329AB}.Debug|x86.ActiveCfg = Debug|Win32
		{B8637CD6-02CB-4451-8BC2-4472868329AB}.Debug|x86.Build.0 = Debug|Win32
		{B8637CD6-02CB-4451-8BC2-4472868329AB}.Release|x64.ActiveCfg = Release|x64
		{B8637CD6-02CB-4451-8BC2-4472868329AB}.Release|x64.Build.0 = Release|x64
		{B8637CD6-02CB-4451-8BC2-4472868329AB}.Release|x86.ActiveCfg = Release|Win32
		{B8637CD6-02CB-4451-8BC2-4472868329AB}.Release|x86.Build.0 = Release|Win32
		{057E7521-F36F-4D0B-8EFC-F6FAC6590BFE}.Debug|x64.ActiveCfg = Debug|x64
		{057E7521-F36F-4D0B-8EFC-F6FAC6590BFE}.Debug|x64.Build.0 = Debug|x64
		{057E7521-F36F-4D0B-8EFC-F6FAC6590BFE}.Debug|x86.ActiveCfg = Debug|Win32
		{057E7521-F36F-4D0B-8EFC-F6FAC6590BFE}.Debug|x86.Build.0 = Debug|Win32
		{057E7521-F36F-4D0B-8EFC-F6FAC6590BFE}.Release|x64.ActiveCfg = Release|x64
		{057E7521-F36F-4D0B-8EFC-F6FAC6590BFE}.Release|x64.Build.0 = Release|x64
		{057E7521-F36F-4D0B-8EFC-F6FAC6590BFE}.Release|x86.ActiveCfg = Release|Win32
		{057E7521-F36F-4D0B-8EFC-F6FAC6590BFE}.Release|x86.Build.0 = Release|Win32
		{5EA61D2F-A981-4DEB-91BA-798CECE4273E}.Debug|x64.ActiveCfg = Debug|x64
		{5EA61D2F-A981-4DEB-91BA-798CECE4273E}.Debug|x64.Build.0 = Debug|x64
		{5EA61D2F-A981-4DEB-91BA-798CECE4273E}.Debug|x86.ActiveCfg = Debug|Win32
		{5EA61D2F-A981-4DEB-91BA-798CECE4273E}.Debug|x86.Build.0 = Debug|Win32
		{5EA61D2F-A981-4DEB-91BA-798CECE4273E}.Release|x64.ActiveCfg = Release|x64
		{5EA61D2F-A981-4DEB-91BA-798CECE4273E}.Release|x64.Build.0 = Release|x64
		{5EA61D2F-A981-4DEB-91BA-798CECE4273E}.Release|x86.ActiveCfg = Release|Win32
		{5EA61D2F-A981-4DEB-91BA-798CECE4273E}.Release|x86.Build.0 = Release|Win32
		{3611315C-2DAF-482C-B24C-E57445E4C19D}.Debug|x64.ActiveCfg = Debug|x64
		{3611315C-2DAF-482C-B24C-E57445E4C19D}.Debug|x64.Build.0 = Debug|x64
		{3611315C-2DAF-482C-B24C-E57445E4C19D}.Debug|x86.ActiveCfg = Debug|Win32
		{3611315C-2DAF-482C-B24C-E57445E4C19D}.Debug|x86.Build.0 = Debug|Win32
		{3611315C-2DAF-482C-B24C-E57445E4C19D}.Release|x64.ActiveCfg = Release|x64
		{3611315C-2DAF-482C-B24C-E57445E4C19D}.Release|x64.Build.0 = Release|x64
		{3611315C-2DAF-482C-B24C-E57445E4C19D}.Release|x86.ActiveCfg = Release|Win32
		{3611315C-2DAF-482C-B24C-E57445E4C19D}.Release|x86.Build.0 = Release|Win32
		{5EDDE7E9-D780-41F2-9EBA-D7EA205944D1}.Debug|x64.ActiveCfg = Debug|x64
		{5EDDE7E9-D780-41F2-9EBA-D7EA205944D1}.Debug|x64.Build.0 = Debug|x64
		{5EDDE7E9-D780-41F2-9EBA-D7EA205944D1}.Debug|x86.ActiveCfg = Debug|Win32
		{5EDDE7E9-D780-41F2-9EBA-D7EA205944D1}.Debug|x86.Build.0 = Debug|Win32
		{5EDDE7E9-D780-41F2-9EBA-D7EA205944D1}.Release|x64.ActiveCfg = Release|x64
		{5EDDE7E9-D780-41F2-9EBA-D7EA205944D1}.Release|x64.Build.0 = Release|x64
		{5EDDE7E9-D780-41F2-9EBA-D7EA205944D1}.Release|x86.ActiveCfg = Release|Win32
		{5EDDE7E9-D780-41F2-9EBA-D7EA205944D1}.Release|x86.Build.0 = Release|Win32
	EndGlobalSection
	GlobalSection(SolutionProperties) = preSolution
		HideSolutionNode = FALSE
	EndGlobalSection
	GlobalSection(ExtensibilityGlobals) = postSolution
		SolutionGuid = {324EFA8A-A566-4FB3-A1A8-35177A5E6D11}
	EndGlobalSection
EndGlobal
